
Microsoft Visual Studio Solution File, Format Version 12.00
# Visual Studio Version 17
VisualStudioVersion = 17.2.32505.173
MinimumVisualStudioVersion = 10.0.40219.1
Project("{9A19103F-16F7-4668-BE54-9A1E7A4F7556}") = "EtumrepMMO.Server", "EtumrepMMO.Server\EtumrepMMO.Server.csproj", "{4E491852-8688-4912-8920-DF3F174928E1}"
EndProject
Project("{9A19103F-16F7-4668-BE54-9A1E7A4F7556}") = "EtumrepMMO.Server.WinForms", "EtumrepMMO.Server.WinForms\EtumrepMMO.Server.WinForms.csproj", "{9144829D-A0D1-4993-8E3B-8DD32A14012C}"
EndProject
Global
	GlobalSection(SolutionConfigurationPlatforms) = preSolution
		Debug|x64 = Debug|x64
		Debug|x86 = Debug|x86
		Release|x64 = Release|x64
		Release|x86 = Release|x86
	EndGlobalSection
	GlobalSection(ProjectConfigurationPlatforms) = postSolution
		{4E491852-8688-4912-8920-DF3F174928E1}.Debug|x64.ActiveCfg = Debug|x64
		{4E491852-8688-4912-8920-DF3F174928E1}.Debug|x64.Build.0 = Debug|x64
		{4E491852-8688-4912-8920-DF3F174928E1}.Debug|x86.ActiveCfg = Debug|x86
		{4E491852-8688-4912-8920-DF3F174928E1}.Debug|x86.Build.0 = Debug|x86
		{4E491852-8688-4912-8920-DF3F174928E1}.Release|x64.ActiveCfg = Release|x64
		{4E491852-8688-4912-8920-DF3F174928E1}.Release|x64.Build.0 = Release|x64
		{4E491852-8688-4912-8920-DF3F174928E1}.Release|x86.ActiveCfg = Release|x86
		{4E491852-8688-4912-8920-DF3F174928E1}.Release|x86.Build.0 = Release|x86
		{9144829D-A0D1-4993-8E3B-8DD32A14012C}.Debug|x64.ActiveCfg = Debug|x64
		{9144829D-A0D1-4993-8E3B-8DD32A14012C}.Debug|x64.Build.0 = Debug|x64
		{9144829D-A0D1-4993-8E3B-8DD32A14012C}.Debug|x86.ActiveCfg = Debug|x86
		{9144829D-A0D1-4993-8E3B-8DD32A14012C}.Debug|x86.Build.0 = Debug|x86
		{9144829D-A0D1-4993-8E3B-8DD32A14012C}.Release|x64.ActiveCfg = Release|x64
		{9144829D-A0D1-4993-8E3B-8DD32A14012C}.Release|x64.Build.0 = Release|x64
		{9144829D-A0D1-4993-8E3B-8DD32A14012C}.Release|x86.ActiveCfg = Release|x86
		{9144829D-A0D1-4993-8E3B-8DD32A14012C}.Release|x86.Build.0 = Release|x86
	EndGlobalSection
	GlobalSection(SolutionProperties) = preSolution
		HideSolutionNode = FALSE
	EndGlobalSection
	GlobalSection(ExtensibilityGlobals) = postSolution
		SolutionGuid = {761BD2FD-9979-46C6-B1B0-11CE3B1B2631}
	EndGlobalSection
EndGlobal
